
Microsoft Visual Studio Solution File, Format Version 12.00
# Visual Studio 15
VisualStudioVersion = 15.0.27004.2006
MinimumVisualStudioVersion = 10.0.40219.1
Project("{FAE04EC0-301F-11D3-BF4B-00C04F79EFBC}") = "PhonebookImportClient", "PhonebookImportClient\PhonebookImportClient.csproj", "{7A93A49E-6B11-4754-8A42-51F3A7E2A8F1}"
EndProject
Global
	GlobalSection(SolutionConfigurationPlatforms) = preSolution
		Debug|Any CPU = Debug|Any CPU
		Release|Any CPU = Release|Any CPU
	EndGlobalSection
	GlobalSection(ProjectConfigurationPlatforms) = postSolution
		{7A93A49E-6B11-4754-8A42-51F3A7E2A8F1}.Debug|Any CPU.ActiveCfg = Debug|Any CPU
		{7A93A49E-6B11-4754-8A42-51F3A7E2A8F1}.Debug|Any CPU.Build.0 = Debug|Any CPU
		{7A93A49E-6B11-4754-8A42-51F3A7E2A8F1}.Release|Any CPU.ActiveCfg = Release|Any CPU
		{7A93A49E-6B11-4754-8A42-51F3A7E2A8F1}.Release|Any CPU.Build.0 = Release|Any CPU
	EndGlobalSection
	GlobalSection(SolutionProperties) = preSolution
		HideSolutionNode = FALSE
	EndGlobalSection
	GlobalSection(ExtensibilityGlobals) = postSolution
		SolutionGuid = {D5C7DBB8-AFA8-401A-B10C-A0BC8D41B251}
	EndGlobalSection
EndGlobal
